<?xml version="1.0" encoding="UTF-8"?>
<Scheme
   LastUpgradeVersion = "2650"
   version = "1.7">
   <BuildAction
      parallelizeBuildables = "YES"
      buildImplicitDependencies = "YES"
      buildArchitectures = "Automatic">
      <BuildActionEntries>
         <BuildActionEntry
            buildForTesting = "YES"
            buildForRunning = "YES"
            buildForProfiling = "YES"
            buildForArchiving = "YES"
            buildForAnalyzing = "YES">
            <BuildableReference
               BuildableIdentifier = "primary"
               BlueprintIdentifier = "49391D402F91F02300EE5333"
               BuildableName = "Badminton Score Tracker Watch App.app"
               BlueprintName = "Badminton Score Tracker Watch App"
               ReferencedContainer = "container:Badminton Score Tracker.xcodeproj">
            </BuildableReference>
         </BuildActionEntry>
         <BuildActionEntry
            buildForTesting = "YES"
            buildForRunning = "YES"
            buildForProfiling = "YES"
            buildForArchiving = "YES"
            buildForAnalyzing = "YES">
            <BuildableReference
               BuildableIdentifier = "primary"
               BlueprintIdentifier = "49391D3A2F91F02300EE5333"
               BuildableName = "Badminton Score Tracker.app"
               BlueprintName = "Badminton Score Tracker"
               ReferencedContainer = "container:Badminton Score Tracker.xcodeproj">
            </BuildableReference>
         </BuildActionEntry>
      </BuildActionEntries>
   </BuildAction>
   <TestAction
      buildConfiguration = "Debug"
      selectedDebuggerIdentifier = "Xcode.DebuggerFoundation.Debugger.LLDB"
      selectedLauncherIdentifier = "Xcode.DebuggerFoundation.Launcher.LLDB"
      shouldUseLaunchSchemeArgsEnv = "YES"
      shouldAutocreateTestPlan = "YES">
      <Testables>
         <TestableReference
            skipped = "NO"
            parallelizable = "YES">
            <BuildableReference
               BuildableIdentifier = "primary"
               BlueprintIdentifier = "49391D4F2F91F02500EE5333"
               BuildableName = "Badminton Score Tracker Watch AppTests.xctest"
               BlueprintName = "Badminton Score Tracker Watch AppTests"
               ReferencedContainer = "container:Badminton Score Tracker.xcodeproj">
            </BuildableReference>
         </TestableReference>
         <TestableReference
            skipped = "NO"
            parallelizable = "YES">
            <BuildableReference
               BuildableIdentifier = "primary"
               BlueprintIdentifier = "49391D592F91F02500EE5333"
               BuildableName = "Badminton Score Tracker Watch AppUITests.xctest"
               BlueprintName = "Badminton Score Tracker Watch AppUITests"
               ReferencedContainer = "container:Badminton Score Tracker.xcodeproj">
            </BuildableReference>
         </TestableReference>
      </Testables>
   </TestAction>
   <LaunchAction
      buildConfiguration = "Debug"
      selectedDebuggerIdentifier = "Xcode.DebuggerFoundation.Debugger.LLDB"
      selectedLauncherIdentifier = "Xcode.DebuggerFoundation.Launcher.LLDB"
      launchStyle = "0"
      useCustomWorkingDirectory = "NO"
      ignoresPersistentStateOnLaunch = "NO"
      debugDocumentVersioning = "YES"
      debugServiceExtension = "internal"
      allowLocationSimulation = "YES"
      queueDebuggingEnableBacktraceRecording = "Yes">
      <BuildableProductRunnable
         runnableDebuggingMode = "0">
         <BuildableReference
            BuildableIdentifier = "primary"
            BlueprintIdentifier = "49391D402F91F02300EE5333"
            BuildableName = "Badminton Score Tracker Watch App.app"
            BlueprintName = "Badminton Score Tracker Watch App"
            ReferencedContainer = "container:Badminton Score Tracker.xcodeproj">
         </BuildableReference>
      </BuildableProductRunnable>
   </LaunchAction>
   <ProfileAction
      buildConfiguration = "Release"
      shouldUseLaunchSchemeArgsEnv = "YES"
      savedToolIdentifier = ""
      useCustomWorkingDirectory = "NO"
      debugDocumentVersioning = "YES">
      <BuildableProductRunnable
         runnableDebuggingMode = "0">
         <BuildableReference
            BuildableIdentifier = "primary"
            BlueprintIdentifier = "49391D402F91F02300EE5333"
            BuildableName = "Badminton Score Tracker Watch App.app"
            BlueprintName = "Badminton Score Tracker Watch App"
            ReferencedContainer = "container:Badminton Score Tracker.xcodeproj">
         </BuildableReference>
      </BuildableProductRunnable>
   </ProfileAction>
   <AnalyzeAction
      buildConfiguration = "Debug">
   </AnalyzeAction>
   <ArchiveAction
      buildConfiguration = "Release"
      revealArchiveInOrganizer = "YES">
   </ArchiveAction>
</Scheme>
